
Microsoft Visual Studio Solution File, Format Version 12.00
# Visual Studio 2013
VisualStudioVersion = 12.0.21005.1
MinimumVisualStudioVersion = 10.0.40219.1
Project("{8BC9CEB8-8B4A-11D0-8D11-00A0C91BC942}") = "chapter5", "CppStudyForBBM\CppStudyForBBM.vcxproj", "{441DB2B2-DB5A-4F1A-BB80-06DB34704B3F}"
EndProject
Project("{8BC9CEB8-8B4A-11D0-8D11-00A0C91BC942}") = "chapter8", "chapter8\chapter8.vcxproj", "{EA1E9A45-0C24-40E6-A96B-DF249EBD84ED}"
EndProject
Global
	GlobalSection(SolutionConfigurationPlatforms) = preSolution
		Debug|Win32 = Debug|Win32
		Release|Win32 = Release|Win32
	EndGlobalSection
	GlobalSection(ProjectConfigurationPlatforms) = postSolution
		{441DB2B2-DB5A-4F1A-BB80-06DB34704B3F}.Debug|Win32.ActiveCfg = Debug|Win32
		{441DB2B2-DB5A-4F1A-BB80-06DB34704B3F}.Debug|Win32.Build.0 = Debug|Win32
		{441DB2B2-DB5A-4F1A-BB80-06DB34704B3F}.Release|Win32.ActiveCfg = Release|Win32
		{441DB2B2-DB5A-4F1A-BB80-06DB34704B3F}.Release|Win32.Build.0 = Release|Win32
		{EA1E9A45-0C24-40E6-A96B-DF249EBD84ED}.Debug|Win32.ActiveCfg = Debug|Win32
		{EA1E9A45-0C24-40E6-A96B-DF249EBD84ED}.Debug|Win32.Build.0 = Debug|Win32
		{EA1E9A45-0C24-40E6-A96B-DF249EBD84ED}.Release|Win32.ActiveCfg = Release|Win32
		{EA1E9A45-0C24-40E6-A96B-DF249EBD84ED}.Release|Win32.Build.0 = Release|Win32
	EndGlobalSection
	GlobalSection(SolutionProperties) = preSolution
		HideSolutionNode = FALSE
	EndGlobalSection
EndGlobal
