
Microsoft Visual Studio Solution File, Format Version 12.00
# Visual Studio 2013
VisualStudioVersion = 12.0.21005.1
MinimumVisualStudioVersion = 10.0.40219.1
Project("{8BC9CEB8-8B4A-11D0-8D11-00A0C91BC942}") = "chapter8", "chapter8\chapter8.vcxproj", "{EA1E9A45-0C24-40E6-A96B-DF249EBD84ED}"
EndProject
Project("{8BC9CEB8-8B4A-11D0-8D11-00A0C91BC942}") = "chapter5", "chapter5\chapter5.vcxproj", "{A476768E-F976-42BA-B22C-BF14968BD9C4}"
EndProject
Project("{8BC9CEB8-8B4A-11D0-8D11-00A0C91BC942}") = "chapterr9", "chapterr9\chapterr9.vcxproj", "{00C2985E-053D-4453-8D16-3874DCE45B56}"
EndProject
Project("{8BC9CEB8-8B4A-11D0-8D11-00A0C91BC942}") = "chapter14", "chapter14\chapter14.vcxproj", "{4C4443F7-E1DF-4CE0-8330-326BA7BCB17C}"
EndProject
Project("{8BC9CEB8-8B4A-11D0-8D11-00A0C91BC942}") = "chapter16", "chapter16\chapter16.vcxproj", "{8F8C112A-8D00-4236-B684-C01186FB329C}"
EndProject
Project("{8BC9CEB8-8B4A-11D0-8D11-00A0C91BC942}") = "chapter17", "chapter17\chapter17.vcxproj", "{20839EBB-A49C-4B89-8A8C-B08E319CC5D1}"
EndProject
Project("{8BC9CEB8-8B4A-11D0-8D11-00A0C91BC942}") = "chapter18", "chapter18\chapter18.vcxproj", "{7BBD93BF-3884-4B90-980B-D4419090118C}"
EndProject
Global
	GlobalSection(SolutionConfigurationPlatforms) = preSolution
		Debug|Win32 = Debug|Win32
		Release|Win32 = Release|Win32
	EndGlobalSection
	GlobalSection(ProjectConfigurationPlatforms) = postSolution
		{EA1E9A45-0C24-40E6-A96B-DF249EBD84ED}.Debug|Win32.ActiveCfg = Debug|Win32
		{EA1E9A45-0C24-40E6-A96B-DF249EBD84ED}.Debug|Win32.Build.0 = Debug|Win32
		{EA1E9A45-0C24-40E6-A96B-DF249EBD84ED}.Release|Win32.ActiveCfg = Release|Win32
		{EA1E9A45-0C24-40E6-A96B-DF249EBD84ED}.Release|Win32.Build.0 = Release|Win32
		{A476768E-F976-42BA-B22C-BF14968BD9C4}.Debug|Win32.ActiveCfg = Debug|Win32
		{A476768E-F976-42BA-B22C-BF14968BD9C4}.Debug|Win32.Build.0 = Debug|Win32
		{A476768E-F976-42BA-B22C-BF14968BD9C4}.Release|Win32.ActiveCfg = Release|Win32
		{A476768E-F976-42BA-B22C-BF14968BD9C4}.Release|Win32.Build.0 = Release|Win32
		{00C2985E-053D-4453-8D16-3874DCE45B56}.Debug|Win32.ActiveCfg = Debug|Win32
		{00C2985E-053D-4453-8D16-3874DCE45B56}.Debug|Win32.Build.0 = Debug|Win32
		{00C2985E-053D-4453-8D16-3874DCE45B56}.Release|Win32.ActiveCfg = Release|Win32
		{00C2985E-053D-4453-8D16-3874DCE45B56}.Release|Win32.Build.0 = Release|Win32
		{4C4443F7-E1DF-4CE0-8330-326BA7BCB17C}.Debug|Win32.ActiveCfg = Debug|Win32
		{4C4443F7-E1DF-4CE0-8330-326BA7BCB17C}.Debug|Win32.Build.0 = Debug|Win32
		{4C4443F7-E1DF-4CE0-8330-326BA7BCB17C}.Release|Win32.ActiveCfg = Release|Win32
		{4C4443F7-E1DF-4CE0-8330-326BA7BCB17C}.Release|Win32.Build.0 = Release|Win32
		{8F8C112A-8D00-4236-B684-C01186FB329C}.Debug|Win32.ActiveCfg = Debug|Win32
		{8F8C112A-8D00-4236-B684-C01186FB329C}.Debug|Win32.Build.0 = Debug|Win32
		{8F8C112A-8D00-4236-B684-C01186FB329C}.Release|Win32.ActiveCfg = Release|Win32
		{8F8C112A-8D00-4236-B684-C01186FB329C}.Release|Win32.Build.0 = Release|Win32
		{20839EBB-A49C-4B89-8A8C-B08E319CC5D1}.Debug|Win32.ActiveCfg = Debug|Win32
		{20839EBB-A49C-4B89-8A8C-B08E319CC5D1}.Debug|Win32.Build.0 = Debug|Win32
		{20839EBB-A49C-4B89-8A8C-B08E319CC5D1}.Release|Win32.ActiveCfg = Release|Win32
		{20839EBB-A49C-4B89-8A8C-B08E319CC5D1}.Release|Win32.Build.0 = Release|Win32
		{7BBD93BF-3884-4B90-980B-D4419090118C}.Debug|Win32.ActiveCfg = Debug|Win32
		{7BBD93BF-3884-4B90-980B-D4419090118C}.Debug|Win32.Build.0 = Debug|Win32
		{7BBD93BF-3884-4B90-980B-D4419090118C}.Release|Win32.ActiveCfg = Release|Win32
		{7BBD93BF-3884-4B90-980B-D4419090118C}.Release|Win32.Build.0 = Release|Win32
	EndGlobalSection
	GlobalSection(SolutionProperties) = preSolution
		HideSolutionNode = FALSE
	EndGlobalSection
EndGlobal
