
Microsoft Visual Studio Solution File, Format Version 12.00
# Visual Studio 14
VisualStudioVersion = 14.0.23107.0
MinimumVisualStudioVersion = 10.0.40219.1
Project("{8BC9CEB8-8B4A-11D0-8D11-00A0C91BC942}") = "Study2", "Study2.vcxproj", "{54E81CE4-6494-4702-AFD8-4F41AF3D4E48}"
EndProject
Project("{8BC9CEB8-8B4A-11D0-8D11-00A0C91BC942}") = "Study3", "..\Study3\Study3.vcxproj", "{1902438A-4EBE-494E-8CC7-79DAA80538CB}"
EndProject
Project("{8BC9CEB8-8B4A-11D0-8D11-00A0C91BC942}") = "Study4", "..\Study4\Study4.vcxproj", "{83777A74-ED7A-4637-BD97-D57276102B18}"
EndProject
Project("{8BC9CEB8-8B4A-11D0-8D11-00A0C91BC942}") = "Study5", "..\Study5\Study5.vcxproj", "{60FB6EE0-D80E-4C1C-9064-DA048270B430}"
EndProject
Project("{8BC9CEB8-8B4A-11D0-8D11-00A0C91BC942}") = "Study6_ch17_6", "..\Study6_ch17_6\Study6_ch17_6.vcxproj", "{B0FBF6C9-7335-43FA-8E5C-E2744DA20056}"
EndProject
Project("{8BC9CEB8-8B4A-11D0-8D11-00A0C91BC942}") = "Study6_ch18_1", "..\Study6_ch18_1\Study6_ch18_1.vcxproj", "{EA0E39EF-475E-4CFD-9CC1-495A55D0E06B}"
EndProject
Global
	GlobalSection(SolutionConfigurationPlatforms) = preSolution
		Debug|Mixed Platforms = Debug|Mixed Platforms
		Debug|Win32 = Debug|Win32
		Debug|x64 = Debug|x64
		Debug|x86 = Debug|x86
		Release|Mixed Platforms = Release|Mixed Platforms
		Release|Win32 = Release|Win32
		Release|x64 = Release|x64
		Release|x86 = Release|x86
	EndGlobalSection
	GlobalSection(ProjectConfigurationPlatforms) = postSolution
		{54E81CE4-6494-4702-AFD8-4F41AF3D4E48}.Debug|Mixed Platforms.ActiveCfg = Debug|Win32
		{54E81CE4-6494-4702-AFD8-4F41AF3D4E48}.Debug|Mixed Platforms.Build.0 = Debug|Win32
		{54E81CE4-6494-4702-AFD8-4F41AF3D4E48}.Debug|Win32.ActiveCfg = Debug|Win32
		{54E81CE4-6494-4702-AFD8-4F41AF3D4E48}.Debug|Win32.Build.0 = Debug|Win32
		{54E81CE4-6494-4702-AFD8-4F41AF3D4E48}.Debug|x64.ActiveCfg = Debug|Win32
		{54E81CE4-6494-4702-AFD8-4F41AF3D4E48}.Debug|x86.ActiveCfg = Debug|Win32
		{54E81CE4-6494-4702-AFD8-4F41AF3D4E48}.Debug|x86.Build.0 = Debug|Win32
		{54E81CE4-6494-4702-AFD8-4F41AF3D4E48}.Release|Mixed Platforms.ActiveCfg = Release|Win32
		{54E81CE4-6494-4702-AFD8-4F41AF3D4E48}.Release|Mixed Platforms.Build.0 = Release|Win32
		{54E81CE4-6494-4702-AFD8-4F41AF3D4E48}.Release|Win32.ActiveCfg = Release|Win32
		{54E81CE4-6494-4702-AFD8-4F41AF3D4E48}.Release|Win32.Build.0 = Release|Win32
		{54E81CE4-6494-4702-AFD8-4F41AF3D4E48}.Release|x64.ActiveCfg = Release|Win32
		{54E81CE4-6494-4702-AFD8-4F41AF3D4E48}.Release|x86.ActiveCfg = Release|Win32
		{54E81CE4-6494-4702-AFD8-4F41AF3D4E48}.Release|x86.Build.0 = Release|Win32
		{1902438A-4EBE-494E-8CC7-79DAA80538CB}.Debug|Mixed Platforms.ActiveCfg = Debug|Win32
		{1902438A-4EBE-494E-8CC7-79DAA80538CB}.Debug|Mixed Platforms.Build.0 = Debug|Win32
		{1902438A-4EBE-494E-8CC7-79DAA80538CB}.Debug|Win32.ActiveCfg = Debug|Win32
		{1902438A-4EBE-494E-8CC7-79DAA80538CB}.Debug|Win32.Build.0 = Debug|Win32
		{1902438A-4EBE-494E-8CC7-79DAA80538CB}.Debug|x64.ActiveCfg = Debug|Win32
		{1902438A-4EBE-494E-8CC7-79DAA80538CB}.Debug|x86.ActiveCfg = Debug|Win32
		{1902438A-4EBE-494E-8CC7-79DAA80538CB}.Debug|x86.Build.0 = Debug|Win32
		{1902438A-4EBE-494E-8CC7-79DAA80538CB}.Release|Mixed Platforms.ActiveCfg = Release|Win32
		{1902438A-4EBE-494E-8CC7-79DAA80538CB}.Release|Mixed Platforms.Build.0 = Release|Win32
		{1902438A-4EBE-494E-8CC7-79DAA80538CB}.Release|Win32.ActiveCfg = Release|Win32
		{1902438A-4EBE-494E-8CC7-79DAA80538CB}.Release|Win32.Build.0 = Release|Win32
		{1902438A-4EBE-494E-8CC7-79DAA80538CB}.Release|x64.ActiveCfg = Release|Win32
		{1902438A-4EBE-494E-8CC7-79DAA80538CB}.Release|x86.ActiveCfg = Release|Win32
		{1902438A-4EBE-494E-8CC7-79DAA80538CB}.Release|x86.Build.0 = Release|Win32
		{83777A74-ED7A-4637-BD97-D57276102B18}.Debug|Mixed Platforms.ActiveCfg = Debug|Win32
		{83777A74-ED7A-4637-BD97-D57276102B18}.Debug|Mixed Platforms.Build.0 = Debug|Win32
		{83777A74-ED7A-4637-BD97-D57276102B18}.Debug|Win32.ActiveCfg = Debug|Win32
		{83777A74-ED7A-4637-BD97-D57276102B18}.Debug|Win32.Build.0 = Debug|Win32
		{83777A74-ED7A-4637-BD97-D57276102B18}.Debug|x64.ActiveCfg = Debug|Win32
		{83777A74-ED7A-4637-BD97-D57276102B18}.Debug|x86.ActiveCfg = Debug|Win32
		{83777A74-ED7A-4637-BD97-D57276102B18}.Debug|x86.Build.0 = Debug|Win32
		{83777A74-ED7A-4637-BD97-D57276102B18}.Release|Mixed Platforms.ActiveCfg = Release|Win32
		{83777A74-ED7A-4637-BD97-D57276102B18}.Release|Mixed Platforms.Build.0 = Release|Win32
		{83777A74-ED7A-4637-BD97-D57276102B18}.Release|Win32.ActiveCfg = Release|Win32
		{83777A74-ED7A-4637-BD97-D57276102B18}.Release|Win32.Build.0 = Release|Win32
		{83777A74-ED7A-4637-BD97-D57276102B18}.Release|x64.ActiveCfg = Release|Win32
		{83777A74-ED7A-4637-BD97-D57276102B18}.Release|x86.ActiveCfg = Release|Win32
		{83777A74-ED7A-4637-BD97-D57276102B18}.Release|x86.Build.0 = Release|Win32
		{60FB6EE0-D80E-4C1C-9064-DA048270B430}.Debug|Mixed Platforms.ActiveCfg = Debug|Win32
		{60FB6EE0-D80E-4C1C-9064-DA048270B430}.Debug|Mixed Platforms.Build.0 = Debug|Win32
		{60FB6EE0-D80E-4C1C-9064-DA048270B430}.Debug|Win32.ActiveCfg = Debug|Win32
		{60FB6EE0-D80E-4C1C-9064-DA048270B430}.Debug|Win32.Build.0 = Debug|Win32
		{60FB6EE0-D80E-4C1C-9064-DA048270B430}.Debug|x64.ActiveCfg = Debug|Win32
		{60FB6EE0-D80E-4C1C-9064-DA048270B430}.Debug|x86.ActiveCfg = Debug|Win32
		{60FB6EE0-D80E-4C1C-9064-DA048270B430}.Debug|x86.Build.0 = Debug|Win32
		{60FB6EE0-D80E-4C1C-9064-DA048270B430}.Release|Mixed Platforms.ActiveCfg = Release|Win32
		{60FB6EE0-D80E-4C1C-9064-DA048270B430}.Release|Mixed Platforms.Build.0 = Release|Win32
		{60FB6EE0-D80E-4C1C-9064-DA048270B430}.Release|Win32.ActiveCfg = Release|Win32
		{60FB6EE0-D80E-4C1C-9064-DA048270B430}.Release|Win32.Build.0 = Release|Win32
		{60FB6EE0-D80E-4C1C-9064-DA048270B430}.Release|x64.ActiveCfg = Release|Win32
		{60FB6EE0-D80E-4C1C-9064-DA048270B430}.Release|x86.ActiveCfg = Release|Win32
		{60FB6EE0-D80E-4C1C-9064-DA048270B430}.Release|x86.Build.0 = Release|Win32
		{B0FBF6C9-7335-43FA-8E5C-E2744DA20056}.Debug|Mixed Platforms.ActiveCfg = Debug|Win32
		{B0FBF6C9-7335-43FA-8E5C-E2744DA20056}.Debug|Mixed Platforms.Build.0 = Debug|Win32
		{B0FBF6C9-7335-43FA-8E5C-E2744DA20056}.Debug|Win32.ActiveCfg = Debug|Win32
		{B0FBF6C9-7335-43FA-8E5C-E2744DA20056}.Debug|Win32.Build.0 = Debug|Win32
		{B0FBF6C9-7335-43FA-8E5C-E2744DA20056}.Debug|x64.ActiveCfg = Debug|Win32
		{B0FBF6C9-7335-43FA-8E5C-E2744DA20056}.Debug|x86.ActiveCfg = Debug|Win32
		{B0FBF6C9-7335-43FA-8E5C-E2744DA20056}.Debug|x86.Build.0 = Debug|Win32
		{B0FBF6C9-7335-43FA-8E5C-E2744DA20056}.Release|Mixed Platforms.ActiveCfg = Release|Win32
		{B0FBF6C9-7335-43FA-8E5C-E2744DA20056}.Release|Mixed Platforms.Build.0 = Release|Win32
		{B0FBF6C9-7335-43FA-8E5C-E2744DA20056}.Release|Win32.ActiveCfg = Release|Win32
		{B0FBF6C9-7335-43FA-8E5C-E2744DA20056}.Release|Win32.Build.0 = Release|Win32
		{B0FBF6C9-7335-43FA-8E5C-E2744DA20056}.Release|x64.ActiveCfg = Release|Win32
		{B0FBF6C9-7335-43FA-8E5C-E2744DA20056}.Release|x86.ActiveCfg = Release|Win32
		{B0FBF6C9-7335-43FA-8E5C-E2744DA20056}.Release|x86.Build.0 = Release|Win32
		{EA0E39EF-475E-4CFD-9CC1-495A55D0E06B}.Debug|Mixed Platforms.ActiveCfg = Debug|Win32
		{EA0E39EF-475E-4CFD-9CC1-495A55D0E06B}.Debug|Mixed Platforms.Build.0 = Debug|Win32
		{EA0E39EF-475E-4CFD-9CC1-495A55D0E06B}.Debug|Win32.ActiveCfg = Debug|Win32
		{EA0E39EF-475E-4CFD-9CC1-495A55D0E06B}.Debug|Win32.Build.0 = Debug|Win32
		{EA0E39EF-475E-4CFD-9CC1-495A55D0E06B}.Debug|x64.ActiveCfg = Debug|x64
		{EA0E39EF-475E-4CFD-9CC1-495A55D0E06B}.Debug|x64.Build.0 = Debug|x64
		{EA0E39EF-475E-4CFD-9CC1-495A55D0E06B}.Debug|x86.ActiveCfg = Debug|Win32
		{EA0E39EF-475E-4CFD-9CC1-495A55D0E06B}.Debug|x86.Build.0 = Debug|Win32
		{EA0E39EF-475E-4CFD-9CC1-495A55D0E06B}.Release|Mixed Platforms.ActiveCfg = Release|Win32
		{EA0E39EF-475E-4CFD-9CC1-495A55D0E06B}.Release|Mixed Platforms.Build.0 = Release|Win32
		{EA0E39EF-475E-4CFD-9CC1-495A55D0E06B}.Release|Win32.ActiveCfg = Release|Win32
		{EA0E39EF-475E-4CFD-9CC1-495A55D0E06B}.Release|Win32.Build.0 = Release|Win32
		{EA0E39EF-475E-4CFD-9CC1-495A55D0E06B}.Release|x64.ActiveCfg = Release|x64
		{EA0E39EF-475E-4CFD-9CC1-495A55D0E06B}.Release|x64.Build.0 = Release|x64
		{EA0E39EF-475E-4CFD-9CC1-495A55D0E06B}.Release|x86.ActiveCfg = Release|Win32
		{EA0E39EF-475E-4CFD-9CC1-495A55D0E06B}.Release|x86.Build.0 = Release|Win32
	EndGlobalSection
	GlobalSection(SolutionProperties) = preSolution
		HideSolutionNode = FALSE
	EndGlobalSection
EndGlobal
