
Microsoft Visual Studio Solution File, Format Version 12.00
# Visual Studio 2013
VisualStudioVersion = 12.0.31101.0
MinimumVisualStudioVersion = 10.0.40219.1
Project("{8BC9CEB8-8B4A-11D0-8D11-00A0C91BC942}") = "wk", "wk\wk.vcxproj", "{BE2533E6-A7A6-4620-864A-356C435F8F08}"
EndProject
Project("{8BC9CEB8-8B4A-11D0-8D11-00A0C91BC942}") = "week_02_91", "week_02_91\week_02_91\week_02_91.vcxproj", "{F90DD95D-3C26-4BD5-83A9-668B1EC14226}"
EndProject
Project("{8BC9CEB8-8B4A-11D0-8D11-00A0C91BC942}") = "week_02_84", "week_02_84\week_02_84\week_02_84.vcxproj", "{5FEA0E46-33A5-4C85-892C-8604E7717152}"
EndProject
Project("{8BC9CEB8-8B4A-11D0-8D11-00A0C91BC942}") = "week_14_06", "week_14_06\week_14_06.vcxproj", "{C5C3AB7B-0C35-4E48-B842-59584E38D3BF}"
EndProject
Project("{8BC9CEB8-8B4A-11D0-8D11-00A0C91BC942}") = "16-3", "16-3\16-3.vcxproj", "{DABB06AB-8A6D-49B9-AE4A-200171402F61}"
EndProject
Global
	GlobalSection(SolutionConfigurationPlatforms) = preSolution
		Debug|Mixed Platforms = Debug|Mixed Platforms
		Debug|Win32 = Debug|Win32
		Debug|x86 = Debug|x86
		Release|Mixed Platforms = Release|Mixed Platforms
		Release|Win32 = Release|Win32
		Release|x86 = Release|x86
	EndGlobalSection
	GlobalSection(ProjectConfigurationPlatforms) = postSolution
		{BE2533E6-A7A6-4620-864A-356C435F8F08}.Debug|Mixed Platforms.ActiveCfg = Debug|Win32
		{BE2533E6-A7A6-4620-864A-356C435F8F08}.Debug|Mixed Platforms.Build.0 = Debug|Win32
		{BE2533E6-A7A6-4620-864A-356C435F8F08}.Debug|Win32.ActiveCfg = Debug|Win32
		{BE2533E6-A7A6-4620-864A-356C435F8F08}.Debug|Win32.Build.0 = Debug|Win32
		{BE2533E6-A7A6-4620-864A-356C435F8F08}.Debug|x86.ActiveCfg = Debug|Win32
		{BE2533E6-A7A6-4620-864A-356C435F8F08}.Debug|x86.Build.0 = Debug|Win32
		{BE2533E6-A7A6-4620-864A-356C435F8F08}.Release|Mixed Platforms.ActiveCfg = Release|Win32
		{BE2533E6-A7A6-4620-864A-356C435F8F08}.Release|Mixed Platforms.Build.0 = Release|Win32
		{BE2533E6-A7A6-4620-864A-356C435F8F08}.Release|Win32.ActiveCfg = Release|Win32
		{BE2533E6-A7A6-4620-864A-356C435F8F08}.Release|Win32.Build.0 = Release|Win32
		{BE2533E6-A7A6-4620-864A-356C435F8F08}.Release|x86.ActiveCfg = Release|Win32
		{BE2533E6-A7A6-4620-864A-356C435F8F08}.Release|x86.Build.0 = Release|Win32
		{F90DD95D-3C26-4BD5-83A9-668B1EC14226}.Debug|Mixed Platforms.ActiveCfg = Debug|Win32
		{F90DD95D-3C26-4BD5-83A9-668B1EC14226}.Debug|Mixed Platforms.Build.0 = Debug|Win32
		{F90DD95D-3C26-4BD5-83A9-668B1EC14226}.Debug|Win32.ActiveCfg = Debug|Win32
		{F90DD95D-3C26-4BD5-83A9-668B1EC14226}.Debug|Win32.Build.0 = Debug|Win32
		{F90DD95D-3C26-4BD5-83A9-668B1EC14226}.Debug|x86.ActiveCfg = Debug|Win32
		{F90DD95D-3C26-4BD5-83A9-668B1EC14226}.Debug|x86.Build.0 = Debug|Win32
		{F90DD95D-3C26-4BD5-83A9-668B1EC14226}.Release|Mixed Platforms.ActiveCfg = Release|Win32
		{F90DD95D-3C26-4BD5-83A9-668B1EC14226}.Release|Mixed Platforms.Build.0 = Release|Win32
		{F90DD95D-3C26-4BD5-83A9-668B1EC14226}.Release|Win32.ActiveCfg = Release|Win32
		{F90DD95D-3C26-4BD5-83A9-668B1EC14226}.Release|Win32.Build.0 = Release|Win32
		{F90DD95D-3C26-4BD5-83A9-668B1EC14226}.Release|x86.ActiveCfg = Release|Win32
		{F90DD95D-3C26-4BD5-83A9-668B1EC14226}.Release|x86.Build.0 = Release|Win32
		{5FEA0E46-33A5-4C85-892C-8604E7717152}.Debug|Mixed Platforms.ActiveCfg = Debug|Win32
		{5FEA0E46-33A5-4C85-892C-8604E7717152}.Debug|Mixed Platforms.Build.0 = Debug|Win32
		{5FEA0E46-33A5-4C85-892C-8604E7717152}.Debug|Win32.ActiveCfg = Debug|Win32
		{5FEA0E46-33A5-4C85-892C-8604E7717152}.Debug|Win32.Build.0 = Debug|Win32
		{5FEA0E46-33A5-4C85-892C-8604E7717152}.Debug|x86.ActiveCfg = Debug|Win32
		{5FEA0E46-33A5-4C85-892C-8604E7717152}.Debug|x86.Build.0 = Debug|Win32
		{5FEA0E46-33A5-4C85-892C-8604E7717152}.Release|Mixed Platforms.ActiveCfg = Release|Win32
		{5FEA0E46-33A5-4C85-892C-8604E7717152}.Release|Mixed Platforms.Build.0 = Release|Win32
		{5FEA0E46-33A5-4C85-892C-8604E7717152}.Release|Win32.ActiveCfg = Release|Win32
		{5FEA0E46-33A5-4C85-892C-8604E7717152}.Release|Win32.Build.0 = Release|Win32
		{5FEA0E46-33A5-4C85-892C-8604E7717152}.Release|x86.ActiveCfg = Release|Win32
		{5FEA0E46-33A5-4C85-892C-8604E7717152}.Release|x86.Build.0 = Release|Win32
		{C5C3AB7B-0C35-4E48-B842-59584E38D3BF}.Debug|Mixed Platforms.ActiveCfg = Debug|Win32
		{C5C3AB7B-0C35-4E48-B842-59584E38D3BF}.Debug|Mixed Platforms.Build.0 = Debug|Win32
		{C5C3AB7B-0C35-4E48-B842-59584E38D3BF}.Debug|Win32.ActiveCfg = Debug|Win32
		{C5C3AB7B-0C35-4E48-B842-59584E38D3BF}.Debug|Win32.Build.0 = Debug|Win32
		{C5C3AB7B-0C35-4E48-B842-59584E38D3BF}.Debug|x86.ActiveCfg = Debug|Win32
		{C5C3AB7B-0C35-4E48-B842-59584E38D3BF}.Debug|x86.Build.0 = Debug|Win32
		{C5C3AB7B-0C35-4E48-B842-59584E38D3BF}.Release|Mixed Platforms.ActiveCfg = Release|Win32
		{C5C3AB7B-0C35-4E48-B842-59584E38D3BF}.Release|Mixed Platforms.Build.0 = Release|Win32
		{C5C3AB7B-0C35-4E48-B842-59584E38D3BF}.Release|Win32.ActiveCfg = Release|Win32
		{C5C3AB7B-0C35-4E48-B842-59584E38D3BF}.Release|Win32.Build.0 = Release|Win32
		{C5C3AB7B-0C35-4E48-B842-59584E38D3BF}.Release|x86.ActiveCfg = Release|Win32
		{C5C3AB7B-0C35-4E48-B842-59584E38D3BF}.Release|x86.Build.0 = Release|Win32
		{DABB06AB-8A6D-49B9-AE4A-200171402F61}.Debug|Mixed Platforms.ActiveCfg = Debug|Win32
		{DABB06AB-8A6D-49B9-AE4A-200171402F61}.Debug|Mixed Platforms.Build.0 = Debug|Win32
		{DABB06AB-8A6D-49B9-AE4A-200171402F61}.Debug|Win32.ActiveCfg = Debug|Win32
		{DABB06AB-8A6D-49B9-AE4A-200171402F61}.Debug|Win32.Build.0 = Debug|Win32
		{DABB06AB-8A6D-49B9-AE4A-200171402F61}.Debug|x86.ActiveCfg = Debug|Win32
		{DABB06AB-8A6D-49B9-AE4A-200171402F61}.Debug|x86.Build.0 = Debug|Win32
		{DABB06AB-8A6D-49B9-AE4A-200171402F61}.Release|Mixed Platforms.ActiveCfg = Release|Win32
		{DABB06AB-8A6D-49B9-AE4A-200171402F61}.Release|Mixed Platforms.Build.0 = Release|Win32
		{DABB06AB-8A6D-49B9-AE4A-200171402F61}.Release|Win32.ActiveCfg = Release|Win32
		{DABB06AB-8A6D-49B9-AE4A-200171402F61}.Release|Win32.Build.0 = Release|Win32
		{DABB06AB-8A6D-49B9-AE4A-200171402F61}.Release|x86.ActiveCfg = Release|Win32
		{DABB06AB-8A6D-49B9-AE4A-200171402F61}.Release|x86.Build.0 = Release|Win32
	EndGlobalSection
	GlobalSection(SolutionProperties) = preSolution
		HideSolutionNode = FALSE
	EndGlobalSection
EndGlobal
