
Microsoft Visual Studio Solution File, Format Version 10.00
# Visual Studio 2008
Project("{8BC9CEB8-8B4A-11D0-8D11-00A0C91BC942}") = "150824_cppstudy", "150824_cppstudy\150824_cppstudy.vcproj", "{836AD960-699C-46BD-9B9F-AE09D521D128}"
EndProject
Global
	GlobalSection(SolutionConfigurationPlatforms) = preSolution
		Debug|Win32 = Debug|Win32
		Release|Win32 = Release|Win32
	EndGlobalSection
	GlobalSection(ProjectConfigurationPlatforms) = postSolution
		{836AD960-699C-46BD-9B9F-AE09D521D128}.Debug|Win32.ActiveCfg = Debug|Win32
		{836AD960-699C-46BD-9B9F-AE09D521D128}.Debug|Win32.Build.0 = Debug|Win32
		{836AD960-699C-46BD-9B9F-AE09D521D128}.Release|Win32.ActiveCfg = Release|Win32
		{836AD960-699C-46BD-9B9F-AE09D521D128}.Release|Win32.Build.0 = Release|Win32
	EndGlobalSection
	GlobalSection(SolutionProperties) = preSolution
		HideSolutionNode = FALSE
	EndGlobalSection
EndGlobal
